{
    "name": "vscode-3dviewer",
    "version": "0.1.0",
    "lockfileVersion": 1,
    "requires": true,
    "dependencies": {
        "@types/dat-gui": {
            "version": "0.6.3",
            "resolved": "https://registry.npmjs.org/@types/dat-gui/-/dat-gui-0.6.3.tgz",
            "integrity": "sha512-N0JUd1/jrKQ00w0lz6uyx/4XhJ+qQb9Ir05DEzP4YS5N+vQUyKtcyVBG/u+NF7EkAkHHYDyzpvYf0AMS89R2OQ==",
            "dev": true
        },
        "@types/mocha": {
            "version": "2.2.48",
            "resolved": "https://registry.npmjs.org/@types/mocha/-/mocha-2.2.48.tgz",
            "integrity": "sha512-nlK/iyETgafGli8Zh9zJVCTicvU3iajSkRwOh3Hhiva598CMqNJ4NcVCGMTGKpGpTYj/9R8RLzS9NAykSSCqGw==",
            "dev": true
        },
        "@types/node": {
            "version": "12.12.39",
            "resolved": "https://registry.npmjs.org/@types/node/-/node-12.12.39.tgz",
            "integrity": "sha512-pADGfwnDkr6zagDwEiCVE4yQrv7XDkoeVa4OfA9Ju/zRTk6YNDLGtQbkdL4/56mCQQCs4AhNrBIag6jrp7ZuOg==",
            "dev": true
        },
        "@types/three": {
            "version": "0.84.37",
            "resolved": "https://registry.npmjs.org/@types/three/-/three-0.84.37.tgz",
            "integrity": "sha512-lzekwNCdEEkGAts0iVHQb6sMGl3LzwFfqAcxyGMpNwkSGx9NN0EfDiBax2HGoELSahqnSehVKScyHKLONytFCw==",
            "dev": true,
            "requires": {
                "@types/webvr-api": "*"
            }
        },
        "@types/vscode": {
            "version": "1.45.1",
            "resolved": "https://registry.npmjs.org/@types/vscode/-/vscode-1.45.1.tgz",
            "integrity": "sha512-0NO9qrrEJBO8FsqHCrFMgR2suKnwCsKBWvRSb2OzH5gs4i3QO5AhEMQYrSzDbU/wLPt7N617/rN9lPY213gmwg==",
            "dev": true
        },
        "@types/webgl-ext": {
            "version": "0.0.31",
            "resolved": "https://registry.npmjs.org/@types/webgl-ext/-/webgl-ext-0.0.31.tgz",
            "integrity": "sha512-k133YBzXYw4dlgEKJJiZVvHK2QXu3I6bhGCkXq3U+tn5yDId07xeqw/InjzXnJrtUImnbf1kry1bE+3Dw0+Fjg==",
            "dev": true
        },
        "@types/webvr-api": {
            "version": "0.0.34",
            "resolved": "https://registry.npmjs.org/@types/webvr-api/-/webvr-api-0.0.34.tgz",
            "integrity": "sha512-gVAPKK+L1blPJCFnUDmkIdRfIU8xbwl05MDXPRjnjoeDXUUzR6frPuyx9RQz+OCodmxlBcJOkjVTMTZi1BcuZw==",
            "dev": true
        },
        "typescript": {
            "version": "3.9.2",
            "resolved": "https://registry.npmjs.org/typescript/-/typescript-3.9.2.tgz",
            "integrity": "sha512-q2ktq4n/uLuNNShyayit+DTobV2ApPEo/6so68JaD5ojvc/6GClBipedB9zNWYxRSAlZXAe405Rlijzl6qDiSw==",
            "dev": true
        }
    }
}
