{
    "name": "vscode-3dviewer",
    "version": "0.2.2",
    "lockfileVersion": 3,
    "requires": true,
    "packages": {
        "": {
            "name": "vscode-3dviewer",
            "version": "0.2.2",
            "license": "LICENSE.md",
            "devDependencies": {
                "@types/dat-gui": "^0.6.3",
                "@types/mocha": "^2.2.42",
                "@types/node": "^12.20.55",
                "@types/three": "^0.84.30",
                "@types/vscode": "^1.45.1",
                "@types/webgl-ext": "0.0.31",
                "typescript": "^3.8.3"
            },
            "engines": {
                "vscode": "^1.49.0"
            }
        },
        "node_modules/@types/dat-gui": {
            "version": "0.6.3",
            "resolved": "https://registry.npmjs.org/@types/dat-gui/-/dat-gui-0.6.3.tgz",
            "integrity": "sha512-N0JUd1/jrKQ00w0lz6uyx/4XhJ+qQb9Ir05DEzP4YS5N+vQUyKtcyVBG/u+NF7EkAkHHYDyzpvYf0AMS89R2OQ==",
            "deprecated": "'@types/dat-gui' is now '@types/dat.gui'",
            "dev": true
        },
        "node_modules/@types/mocha": {
            "version": "2.2.48",
            "resolved": "https://registry.npmjs.org/@types/mocha/-/mocha-2.2.48.tgz",
            "integrity": "sha512-nlK/iyETgafGli8Zh9zJVCTicvU3iajSkRwOh3Hhiva598CMqNJ4NcVCGMTGKpGpTYj/9R8RLzS9NAykSSCqGw==",
            "dev": true
        },
        "node_modules/@types/node": {
            "version": "12.20.55",
            "resolved": "https://registry.npmjs.org/@types/node/-/node-12.20.55.tgz",
            "integrity": "sha512-J8xLz7q2OFulZ2cyGTLE1TbbZcjpno7FaN6zdJNrgAdrJ+DZzh/uFR6YrTb4C+nXakvud8Q4+rbhoIWlYQbUFQ==",
            "dev": true
        },
        "node_modules/@types/three": {
            "version": "0.84.37",
            "resolved": "https://registry.npmjs.org/@types/three/-/three-0.84.37.tgz",
            "integrity": "sha512-lzekwNCdEEkGAts0iVHQb6sMGl3LzwFfqAcxyGMpNwkSGx9NN0EfDiBax2HGoELSahqnSehVKScyHKLONytFCw==",
            "dev": true,
            "dependencies": {
                "@types/webvr-api": "*"
            }
        },
        "node_modules/@types/vscode": {
            "version": "1.45.1",
            "resolved": "https://registry.npmjs.org/@types/vscode/-/vscode-1.45.1.tgz",
            "integrity": "sha512-0NO9qrrEJBO8FsqHCrFMgR2suKnwCsKBWvRSb2OzH5gs4i3QO5AhEMQYrSzDbU/wLPt7N617/rN9lPY213gmwg==",
            "dev": true
        },
        "node_modules/@types/webgl-ext": {
            "version": "0.0.31",
            "resolved": "https://registry.npmjs.org/@types/webgl-ext/-/webgl-ext-0.0.31.tgz",
            "integrity": "sha512-k133YBzXYw4dlgEKJJiZVvHK2QXu3I6bhGCkXq3U+tn5yDId07xeqw/InjzXnJrtUImnbf1kry1bE+3Dw0+Fjg==",
            "dev": true
        },
        "node_modules/@types/webvr-api": {
            "version": "0.0.34",
            "resolved": "https://registry.npmjs.org/@types/webvr-api/-/webvr-api-0.0.34.tgz",
            "integrity": "sha512-gVAPKK+L1blPJCFnUDmkIdRfIU8xbwl05MDXPRjnjoeDXUUzR6frPuyx9RQz+OCodmxlBcJOkjVTMTZi1BcuZw==",
            "dev": true
        },
        "node_modules/typescript": {
            "version": "3.9.2",
            "resolved": "https://registry.npmjs.org/typescript/-/typescript-3.9.2.tgz",
            "integrity": "sha512-q2ktq4n/uLuNNShyayit+DTobV2ApPEo/6so68JaD5ojvc/6GClBipedB9zNWYxRSAlZXAe405Rlijzl6qDiSw==",
            "dev": true,
            "bin": {
                "tsc": "bin/tsc",
                "tsserver": "bin/tsserver"
            },
            "engines": {
                "node": ">=4.2.0"
            }
        }
    }
}
